
Microsoft Visual Studio Solution File, Format Version 12.00
# Visual Studio Version 17
VisualStudioVersion = 17.7.34018.315
MinimumVisualStudioVersion = 10.0.40219.1
Project("{FAE04EC0-301F-11D3-BF4B-00C04F79EFBC}") = "bank_projekt", "bank_projekt\bank_projekt.csproj", "{C4B4897C-ED2D-418D-9298-AD6B1DADA6FB}"
EndProject
Global
	GlobalSection(SolutionConfigurationPlatforms) = preSolution
		Debug|Any CPU = Debug|Any CPU
		Release|Any CPU = Release|Any CPU
	EndGlobalSection
	GlobalSection(ProjectConfigurationPlatforms) = postSolution
		{C4B4897C-ED2D-418D-9298-AD6B1DADA6FB}.Debug|Any CPU.ActiveCfg = Debug|Any CPU
		{C4B4897C-ED2D-418D-9298-AD6B1DADA6FB}.Debug|Any CPU.Build.0 = Debug|Any CPU
		{C4B4897C-ED2D-418D-9298-AD6B1DADA6FB}.Release|Any CPU.ActiveCfg = Release|Any CPU
		{C4B4897C-ED2D-418D-9298-AD6B1DADA6FB}.Release|Any CPU.Build.0 = Release|Any CPU
	EndGlobalSection
	GlobalSection(SolutionProperties) = preSolution
		HideSolutionNode = FALSE
	EndGlobalSection
	GlobalSection(ExtensibilityGlobals) = postSolution
		SolutionGuid = {466E58BF-D10E-4A94-BFA3-5D71E3DB7752}
	EndGlobalSection
EndGlobal
