
Microsoft Visual Studio Solution File, Format Version 12.00
# Visual Studio Version 17
VisualStudioVersion = 17.7.34018.315
MinimumVisualStudioVersion = 10.0.40219.1
Project("{FAE04EC0-301F-11D3-BF4B-00C04F79EFBC}") = "bank_projekt", "bank_projekt\bank_projekt.csproj", "{D41AEC94-8910-4AD3-8730-272EE5A9D9F2}"
EndProject
Global
	GlobalSection(SolutionConfigurationPlatforms) = preSolution
		Debug|Any CPU = Debug|Any CPU
		Release|Any CPU = Release|Any CPU
	EndGlobalSection
	GlobalSection(ProjectConfigurationPlatforms) = postSolution
		{D41AEC94-8910-4AD3-8730-272EE5A9D9F2}.Debug|Any CPU.ActiveCfg = Debug|Any CPU
		{D41AEC94-8910-4AD3-8730-272EE5A9D9F2}.Debug|Any CPU.Build.0 = Debug|Any CPU
		{D41AEC94-8910-4AD3-8730-272EE5A9D9F2}.Release|Any CPU.ActiveCfg = Release|Any CPU
		{D41AEC94-8910-4AD3-8730-272EE5A9D9F2}.Release|Any CPU.Build.0 = Release|Any CPU
	EndGlobalSection
	GlobalSection(SolutionProperties) = preSolution
		HideSolutionNode = FALSE
	EndGlobalSection
	GlobalSection(ExtensibilityGlobals) = postSolution
		SolutionGuid = {6F758E92-5BB9-4FC9-89DE-EAD4EEB3DF24}
	EndGlobalSection
EndGlobal
